
Microsoft Visual Studio Solution File, Format Version 12.00
# Visual Studio Version 17
VisualStudioVersion = 17.11.35222.181
MinimumVisualStudioVersion = 10.0.40219.1
Project("{888888A0-9F3D-457C-B088-3A5042F75D52}") = "dsProject", "dsProject.pyproj", "{C8F22461-759A-4C3D-84FE-5F1BB8CE99A0}"
EndProject
Global
	GlobalSection(SolutionConfigurationPlatforms) = preSolution
		Debug|Any CPU = Debug|Any CPU
		Release|Any CPU = Release|Any CPU
	EndGlobalSection
	GlobalSection(ProjectConfigurationPlatforms) = postSolution
		{C8F22461-759A-4C3D-84FE-5F1BB8CE99A0}.Debug|Any CPU.ActiveCfg = Debug|Any CPU
		{C8F22461-759A-4C3D-84FE-5F1BB8CE99A0}.Release|Any CPU.ActiveCfg = Release|Any CPU
	EndGlobalSection
	GlobalSection(SolutionProperties) = preSolution
		HideSolutionNode = FALSE
	EndGlobalSection
	GlobalSection(ExtensibilityGlobals) = postSolution
		SolutionGuid = {B9329A4B-7B70-44F4-ADF2-658643091B7F}
	EndGlobalSection
EndGlobal
